// !$*UTF8*$!
{
	archiveVersion = 1;
	classes = {
	};
	objectVersion = 56;
	objects = {

/* Begin PBXBuildFile section */
		0E5E88DF294DAEC500813785 /* spaceX.json in Resources */ = {isa = PBXBuildFile; fileRef = 0E5E88DE294DAEC500813785 /* spaceX.json */; };
		0E5FB8802949F1F1009B1878 /* UniverseProApp.swift in Sources */ = {isa = PBXBuildFile; fileRef = 0E5FB87F2949F1F1009B1878 /* UniverseProApp.swift */; };
		0E5FB8822949F1F1009B1878 /* MainView.swift in Sources */ = {isa = PBXBuildFile; fileRef = 0E5FB8812949F1F1009B1878 /* MainView.swift */; };
		0E5FB8842949F1F1009B1878 /* Assets.xcassets in Resources */ = {isa = PBXBuildFile; fileRef = 0E5FB8832949F1F1009B1878 /* Assets.xcassets */; };
		0E5FB8872949F1F1009B1878 /* Preview Assets.xcassets in Resources */ = {isa = PBXBuildFile; fileRef = 0E5FB8862949F1F1009B1878 /* Preview Assets.xcassets */; };
		0E5FB8952949F582009B1878 /* StarterView.swift in Sources */ = {isa = PBXBuildFile; fileRef = 0E5FB8942949F582009B1878 /* StarterView.swift */; };
		0E5FB8982949FC4C009B1878 /* FakeDataManager.swift in Sources */ = {isa = PBXBuildFile; fileRef = 0E5FB8972949FC4C009B1878 /* FakeDataManager.swift */; };
		0E5FB89B2949FC6F009B1878 /* Apod.swift in Sources */ = {isa = PBXBuildFile; fileRef = 0E5FB89A2949FC6F009B1878 /* Apod.swift */; };
		0E5FB89D2949FDC7009B1878 /* ApodApiManager.swift in Sources */ = {isa = PBXBuildFile; fileRef = 0E5FB89C2949FDC7009B1878 /* ApodApiManager.swift */; };
		0E5FB89F2949FED0009B1878 /* MainViewModel.swift in Sources */ = {isa = PBXBuildFile; fileRef = 0E5FB89E2949FED0009B1878 /* MainViewModel.swift */; };
		0E64F23F29537CBD004D9921 /* Launch Screen.storyboard in Resources */ = {isa = PBXBuildFile; fileRef = 0E64F23E29537CBD004D9921 /* Launch Screen.storyboard */; };
		0EBDA6A7294CA5DD00E09C5E /* AnimationView.swift in Sources */ = {isa = PBXBuildFile; fileRef = 0EBDA6A6294CA5DD00E09C5E /* AnimationView.swift */; };
		0EBDA6AB294CA6F800E09C5E /* rocket.json in Resources */ = {isa = PBXBuildFile; fileRef = 0EBDA6AA294CA6F800E09C5E /* rocket.json */; };
		0EBDA6AD294CA90800E09C5E /* spaceman.json in Resources */ = {isa = PBXBuildFile; fileRef = 0EBDA6AC294CA90800E09C5E /* spaceman.json */; };
		0ED87579294A152600FD59CB /* ApodInfoView.swift in Sources */ = {isa = PBXBuildFile; fileRef = 0ED87578294A152600FD59CB /* ApodInfoView.swift */; };
		0ED8757B294A163000FD59CB /* BackgroundView.swift in Sources */ = {isa = PBXBuildFile; fileRef = 0ED8757A294A163000FD59CB /* BackgroundView.swift */; };
		0ED8757E294A17AB00FD59CB /* LoadingView.swift in Sources */ = {isa = PBXBuildFile; fileRef = 0ED8757D294A17AB00FD59CB /* LoadingView.swift */; };
		0ED87580294A1CC000FD59CB /* DatePickerView.swift in Sources */ = {isa = PBXBuildFile; fileRef = 0ED8757F294A1CC000FD59CB /* DatePickerView.swift */; };
		0EFE45FB2953342C00EF7055 /* CIrcleButtonView.swift in Sources */ = {isa = PBXBuildFile; fileRef = 0EFE45FA2953342C00EF7055 /* CIrcleButtonView.swift */; };
		19AC1E7BE47C45251F193A7F /* Pods_UniversePro.framework in Frameworks */ = {isa = PBXBuildFile; fileRef = 462DD89E0B3D8189B3B7AA07 /* Pods_UniversePro.framework */; };
/* End PBXBuildFile section */

/* Begin PBXFileReference section */
		0E5E88DE294DAEC500813785 /* spaceX.json */ = {isa = PBXFileReference; fileEncoding = 4; lastKnownFileType = text.json; path = spaceX.json; sourceTree = "<group>"; };
		0E5FB87C2949F1F1009B1878 /* UniversePro.app */ = {isa = PBXFileReference; explicitFileType = wrapper.application; includeInIndex = 0; path = UniversePro.app; sourceTree = BUILT_PRODUCTS_DIR; };
		0E5FB87F2949F1F1009B1878 /* UniverseProApp.swift */ = {isa = PBXFileReference; lastKnownFileType = sourcecode.swift; path = UniverseProApp.swift; sourceTree = "<group>"; };
		0E5FB8812949F1F1009B1878 /* MainView.swift */ = {isa = PBXFileReference; lastKnownFileType = sourcecode.swift; path = MainView.swift; sourceTree = "<group>"; };
		0E5FB8832949F1F1009B1878 /* Assets.xcassets */ = {isa = PBXFileReference; lastKnownFileType = folder.assetcatalog; path = Assets.xcassets; sourceTree = "<group>"; };
		0E5FB8862949F1F1009B1878 /* Preview Assets.xcassets */ = {isa = PBXFileReference; lastKnownFileType = folder.assetcatalog; path = "Preview Assets.xcassets"; sourceTree = "<group>"; };
		0E5FB8942949F582009B1878 /* StarterView.swift */ = {isa = PBXFileReference; lastKnownFileType = sourcecode.swift; path = StarterView.swift; sourceTree = "<group>"; };
		0E5FB8972949FC4C009B1878 /* FakeDataManager.swift */ = {isa = PBXFileReference; lastKnownFileType = sourcecode.swift; path = FakeDataManager.swift; sourceTree = "<group>"; };
		0E5FB89A2949FC6F009B1878 /* Apod.swift */ = {isa = PBXFileReference; lastKnownFileType = sourcecode.swift; path = Apod.swift; sourceTree = "<group>"; };
		0E5FB89C2949FDC7009B1878 /* ApodApiManager.swift */ = {isa = PBXFileReference; lastKnownFileType = sourcecode.swift; path = ApodApiManager.swift; sourceTree = "<group>"; };
		0E5FB89E2949FED0009B1878 /* MainViewModel.swift */ = {isa = PBXFileReference; lastKnownFileType = sourcecode.swift; path = MainViewModel.swift; sourceTree = "<group>"; };
		0E64F23E29537CBD004D9921 /* Launch Screen.storyboard */ = {isa = PBXFileReference; fileEncoding = 4; lastKnownFileType = file.storyboard; path = "Launch Screen.storyboard"; sourceTree = "<group>"; };
		0EBDA6A6294CA5DD00E09C5E /* AnimationView.swift */ = {isa = PBXFileReference; lastKnownFileType = sourcecode.swift; path = AnimationView.swift; sourceTree = "<group>"; };
		0EBDA6AA294CA6F800E09C5E /* rocket.json */ = {isa = PBXFileReference; fileEncoding = 4; lastKnownFileType = text.json; path = rocket.json; sourceTree = "<group>"; };
		0EBDA6AC294CA90800E09C5E /* spaceman.json */ = {isa = PBXFileReference; fileEncoding = 4; lastKnownFileType = text.json; path = spaceman.json; sourceTree = "<group>"; };
		0ED87578294A152600FD59CB /* ApodInfoView.swift */ = {isa = PBXFileReference; lastKnownFileType = sourcecode.swift; path = ApodInfoView.swift; sourceTree = "<group>"; };
		0ED8757A294A163000FD59CB /* BackgroundView.swift */ = {isa = PBXFileReference; lastKnownFileType = sourcecode.swift; path = BackgroundView.swift; sourceTree = "<group>"; };
		0ED8757D294A17AB00FD59CB /* LoadingView.swift */ = {isa = PBXFileReference; lastKnownFileType = sourcecode.swift; path = LoadingView.swift; sourceTree = "<group>"; };
		0ED8757F294A1CC000FD59CB /* DatePickerView.swift */ = {isa = PBXFileReference; lastKnownFileType = sourcecode.swift; path = DatePickerView.swift; sourceTree = "<group>"; };
		0EFE45FA2953342C00EF7055 /* CIrcleButtonView.swift */ = {isa = PBXFileReference; lastKnownFileType = sourcecode.swift; path = CIrcleButtonView.swift; sourceTree = "<group>"; };
		462DD89E0B3D8189B3B7AA07 /* Pods_UniversePro.framework */ = {isa = PBXFileReference; explicitFileType = wrapper.framework; includeInIndex = 0; path = Pods_UniversePro.framework; sourceTree = BUILT_PRODUCTS_DIR; };
		8E92461259770F5FC6CAF881 /* Pods-UniversePro.release.xcconfig */ = {isa = PBXFileReference; includeInIndex = 1; lastKnownFileType = text.xcconfig; name = "Pods-UniversePro.release.xcconfig"; path = "Target Support Files/Pods-UniversePro/Pods-UniversePro.release.xcconfig"; sourceTree = "<group>"; };
		F2E916EFF0A80DABE1B21B6F /* Pods-UniversePro.debug.xcconfig */ = {isa = PBXFileReference; includeInIndex = 1; lastKnownFileType = text.xcconfig; name = "Pods-UniversePro.debug.xcconfig"; path = "Target Support Files/Pods-UniversePro/Pods-UniversePro.debug.xcconfig"; sourceTree = "<group>"; };
/* End PBXFileReference section */

/* Begin PBXFrameworksBuildPhase section */
		0E5FB8792949F1F1009B1878 /* Frameworks */ = {
			isa = PBXFrameworksBuildPhase;
			buildActionMask = 2147483647;
			files = (
				19AC1E7BE47C45251F193A7F /* Pods_UniversePro.framework in Frameworks */,
			);
			runOnlyForDeploymentPostprocessing = 0;
		};
/* End PBXFrameworksBuildPhase section */

/* Begin PBXGroup section */
		0E5FB8732949F1F0009B1878 = {
			isa = PBXGroup;
			children = (
				0E5FB87E2949F1F1009B1878 /* UniversePro */,
				0E5FB87D2949F1F1009B1878 /* Products */,
				659F3F5A0C7B0429CF696540 /* Pods */,
				708313EDCD44ECEF90BFB330 /* Frameworks */,
			);
			sourceTree = "<group>";
		};
		0E5FB87D2949F1F1009B1878 /* Products */ = {
			isa = PBXGroup;
			children = (
				0E5FB87C2949F1F1009B1878 /* UniversePro.app */,
			);
			name = Products;
			sourceTree = "<group>";
		};
		0E5FB87E2949F1F1009B1878 /* UniversePro */ = {
			isa = PBXGroup;
			children = (
				0E5FB87F2949F1F1009B1878 /* UniverseProApp.swift */,
				0E5FB8832949F1F1009B1878 /* Assets.xcassets */,
				0E64F23E29537CBD004D9921 /* Launch Screen.storyboard */,
				0E5FB8852949F1F1009B1878 /* Preview Content */,
				0EBDA6A9294CA6E400E09C5E /* Lottie */,
				0E5FB8962949FC40009B1878 /* Managers */,
				0E5FB8992949FC61009B1878 /* Models */,
				0E5FB88D2949F45E009B1878 /* Core */,
			);
			path = UniversePro;
			sourceTree = "<group>";
		};
		0E5FB8852949F1F1009B1878 /* Preview Content */ = {
			isa = PBXGroup;
			children = (
				0E5FB8862949F1F1009B1878 /* Preview Assets.xcassets */,
			);
			path = "Preview Content";
			sourceTree = "<group>";
		};
		0E5FB88D2949F45E009B1878 /* Core */ = {
			isa = PBXGroup;
			children = (
				0ED8757C294A163800FD59CB /* Components */,
				0E5FB8932949F56D009B1878 /* Starter */,
				0E5FB88E2949F46C009B1878 /* Main */,
			);
			path = Core;
			sourceTree = "<group>";
		};
		0E5FB88E2949F46C009B1878 /* Main */ = {
			isa = PBXGroup;
			children = (
				0E5FB8922949F51B009B1878 /* ViewModels */,
				0E5FB88F2949F492009B1878 /* Views */,
			);
			path = Main;
			sourceTree = "<group>";
		};
		0E5FB88F2949F492009B1878 /* Views */ = {
			isa = PBXGroup;
			children = (
				0E5FB8812949F1F1009B1878 /* MainView.swift */,
				0EBDA6A6294CA5DD00E09C5E /* AnimationView.swift */,
				0ED8757F294A1CC000FD59CB /* DatePickerView.swift */,
				0EFE45FA2953342C00EF7055 /* CIrcleButtonView.swift */,
				0ED87578294A152600FD59CB /* ApodInfoView.swift */,
			);
			path = Views;
			sourceTree = "<group>";
		};
		0E5FB8922949F51B009B1878 /* ViewModels */ = {
			isa = PBXGroup;
			children = (
				0E5FB89E2949FED0009B1878 /* MainViewModel.swift */,
			);
			path = ViewModels;
			sourceTree = "<group>";
		};
		0E5FB8932949F56D009B1878 /* Starter */ = {
			isa = PBXGroup;
			children = (
				0E5FB8942949F582009B1878 /* StarterView.swift */,
			);
			name = Starter;
			sourceTree = "<group>";
		};
		0E5FB8962949FC40009B1878 /* Managers */ = {
			isa = PBXGroup;
			children = (
				0E5FB89C2949FDC7009B1878 /* ApodApiManager.swift */,
				0E5FB8972949FC4C009B1878 /* FakeDataManager.swift */,
			);
			path = Managers;
			sourceTree = "<group>";
		};
		0E5FB8992949FC61009B1878 /* Models */ = {
			isa = PBXGroup;
			children = (
				0E5FB89A2949FC6F009B1878 /* Apod.swift */,
			);
			path = Models;
			sourceTree = "<group>";
		};
		0EBDA6A9294CA6E400E09C5E /* Lottie */ = {
			isa = PBXGroup;
			children = (
				0EBDA6AC294CA90800E09C5E /* spaceman.json */,
				0E5E88DE294DAEC500813785 /* spaceX.json */,
				0EBDA6AA294CA6F800E09C5E /* rocket.json */,
			);
			path = Lottie;
			sourceTree = "<group>";
		};
		0ED8757C294A163800FD59CB /* Components */ = {
			isa = PBXGroup;
			children = (
				0ED8757A294A163000FD59CB /* BackgroundView.swift */,
				0ED8757D294A17AB00FD59CB /* LoadingView.swift */,
			);
			path = Components;
			sourceTree = "<group>";
		};
		659F3F5A0C7B0429CF696540 /* Pods */ = {
			isa = PBXGroup;
			children = (
				F2E916EFF0A80DABE1B21B6F /* Pods-UniversePro.debug.xcconfig */,
				8E92461259770F5FC6CAF881 /* Pods-UniversePro.release.xcconfig */,
			);
			path = Pods;
			sourceTree = "<group>";
		};
		708313EDCD44ECEF90BFB330 /* Frameworks */ = {
			isa = PBXGroup;
			children = (
				462DD89E0B3D8189B3B7AA07 /* Pods_UniversePro.framework */,
			);
			name = Frameworks;
			sourceTree = "<group>";
		};
/* End PBXGroup section */

/* Begin PBXNativeTarget section */
		0E5FB87B2949F1F1009B1878 /* UniversePro */ = {
			isa = PBXNativeTarget;
			buildConfigurationList = 0E5FB88A2949F1F1009B1878 /* Build configuration list for PBXNativeTarget "UniversePro" */;
			buildPhases = (
				920D8A3F3B7EFAA27AECA75C /* [CP] Check Pods Manifest.lock */,
				0E5FB8782949F1F1009B1878 /* Sources */,
				0E5FB8792949F1F1009B1878 /* Frameworks */,
				0E5FB87A2949F1F1009B1878 /* Resources */,
				C7FF6633B125F6933D37CC60 /* [CP] Embed Pods Frameworks */,
			);
			buildRules = (
			);
			dependencies = (
			);
			name = UniversePro;
			productName = UniversePro;
			productReference = 0E5FB87C2949F1F1009B1878 /* UniversePro.app */;
			productType = "com.apple.product-type.application";
		};
/* End PBXNativeTarget section */

/* Begin PBXProject section */
		0E5FB8742949F1F0009B1878 /* Project object */ = {
			isa = PBXProject;
			attributes = {
				BuildIndependentTargetsInParallel = 1;
				LastSwiftUpdateCheck = 1410;
				LastUpgradeCheck = 1410;
				TargetAttributes = {
					0E5FB87B2949F1F1009B1878 = {
						CreatedOnToolsVersion = 14.1;
					};
				};
			};
			buildConfigurationList = 0E5FB8772949F1F0009B1878 /* Build configuration list for PBXProject "UniversePro" */;
			compatibilityVersion = "Xcode 14.0";
			developmentRegion = en;
			hasScannedForEncodings = 0;
			knownRegions = (
				en,
				Base,
			);
			mainGroup = 0E5FB8732949F1F0009B1878;
			productRefGroup = 0E5FB87D2949F1F1009B1878 /* Products */;
			projectDirPath = "";
			projectRoot = "";
			targets = (
				0E5FB87B2949F1F1009B1878 /* UniversePro */,
			);
		};
/* End PBXProject section */

/* Begin PBXResourcesBuildPhase section */
		0E5FB87A2949F1F1009B1878 /* Resources */ = {
			isa = PBXResourcesBuildPhase;
			buildActionMask = 2147483647;
			files = (
				0E64F23F29537CBD004D9921 /* Launch Screen.storyboard in Resources */,
				0E5FB8872949F1F1009B1878 /* Preview Assets.xcassets in Resources */,
				0EBDA6AD294CA90800E09C5E /* spaceman.json in Resources */,
				0E5E88DF294DAEC500813785 /* spaceX.json in Resources */,
				0E5FB8842949F1F1009B1878 /* Assets.xcassets in Resources */,
				0EBDA6AB294CA6F800E09C5E /* rocket.json in Resources */,
			);
			runOnlyForDeploymentPostprocessing = 0;
		};
/* End PBXResourcesBuildPhase section */

/* Begin PBXShellScriptBuildPhase section */
		920D8A3F3B7EFAA27AECA75C /* [CP] Check Pods Manifest.lock */ = {
			isa = PBXShellScriptBuildPhase;
			buildActionMask = 2147483647;
			files = (
			);
			inputFileListPaths = (
			);
			inputPaths = (
				"${PODS_PODFILE_DIR_PATH}/Podfile.lock",
				"${PODS_ROOT}/Manifest.lock",
			);
			name = "[CP] Check Pods Manifest.lock";
			outputFileListPaths = (
			);
			outputPaths = (
				"$(DERIVED_FILE_DIR)/Pods-UniversePro-checkManifestLockResult.txt",
			);
			runOnlyForDeploymentPostprocessing = 0;
			shellPath = /bin/sh;
			shellScript = "diff \"${PODS_PODFILE_DIR_PATH}/Podfile.lock\" \"${PODS_ROOT}/Manifest.lock\" > /dev/null\nif [ $? != 0 ] ; then\n    # print error to STDERR\n    echo \"error: The sandbox is not in sync with the Podfile.lock. Run 'pod install' or update your CocoaPods installation.\" >&2\n    exit 1\nfi\n# This output is used by Xcode 'outputs' to avoid re-running this script phase.\necho \"SUCCESS\" > \"${SCRIPT_OUTPUT_FILE_0}\"\n";
			showEnvVarsInLog = 0;
		};
		C7FF6633B125F6933D37CC60 /* [CP] Embed Pods Frameworks */ = {
			isa = PBXShellScriptBuildPhase;
			buildActionMask = 2147483647;
			files = (
			);
			inputFileListPaths = (
				"${PODS_ROOT}/Target Support Files/Pods-UniversePro/Pods-UniversePro-frameworks-${CONFIGURATION}-input-files.xcfilelist",
			);
			name = "[CP] Embed Pods Frameworks";
			outputFileListPaths = (
				"${PODS_ROOT}/Target Support Files/Pods-UniversePro/Pods-UniversePro-frameworks-${CONFIGURATION}-output-files.xcfilelist",
			);
			runOnlyForDeploymentPostprocessing = 0;
			shellPath = /bin/sh;
			shellScript = "\"${PODS_ROOT}/Target Support Files/Pods-UniversePro/Pods-UniversePro-frameworks.sh\"\n";
			showEnvVarsInLog = 0;
		};
/* End PBXShellScriptBuildPhase section */

/* Begin PBXSourcesBuildPhase section */
		0E5FB8782949F1F1009B1878 /* Sources */ = {
			isa = PBXSourcesBuildPhase;
			buildActionMask = 2147483647;
			files = (
				0ED8757B294A163000FD59CB /* BackgroundView.swift in Sources */,
				0E5FB89B2949FC6F009B1878 /* Apod.swift in Sources */,
				0E5FB8822949F1F1009B1878 /* MainView.swift in Sources */,
				0ED8757E294A17AB00FD59CB /* LoadingView.swift in Sources */,
				0E5FB89D2949FDC7009B1878 /* ApodApiManager.swift in Sources */,
				0ED87579294A152600FD59CB /* ApodInfoView.swift in Sources */,
				0EFE45FB2953342C00EF7055 /* CIrcleButtonView.swift in Sources */,
				0ED87580294A1CC000FD59CB /* DatePickerView.swift in Sources */,
				0EBDA6A7294CA5DD00E09C5E /* AnimationView.swift in Sources */,
				0E5FB8982949FC4C009B1878 /* FakeDataManager.swift in Sources */,
				0E5FB8802949F1F1009B1878 /* UniverseProApp.swift in Sources */,
				0E5FB8952949F582009B1878 /* StarterView.swift in Sources */,
				0E5FB89F2949FED0009B1878 /* MainViewModel.swift in Sources */,
			);
			runOnlyForDeploymentPostprocessing = 0;
		};
/* End PBXSourcesBuildPhase section */

/* Begin XCBuildConfiguration section */
		0E5FB8882949F1F1009B1878 /* Debug */ = {
			isa = XCBuildConfiguration;
			buildSettings = {
				ALWAYS_SEARCH_USER_PATHS = NO;
				CLANG_ANALYZER_NONNULL = YES;
				CLANG_ANALYZER_NUMBER_OBJECT_CONVERSION = YES_AGGRESSIVE;
				CLANG_CXX_LANGUAGE_STANDARD = "gnu++20";
				CLANG_ENABLE_MODULES = YES;
				CLANG_ENABLE_OBJC_ARC = YES;
				CLANG_ENABLE_OBJC_WEAK = YES;
				CLANG_WARN_BLOCK_CAPTURE_AUTORELEASING = YES;
				CLANG_WARN_BOOL_CONVERSION = YES;
				CLANG_WARN_COMMA = YES;
				CLANG_WARN_CONSTANT_CONVERSION = YES;
				CLANG_WARN_DEPRECATED_OBJC_IMPLEMENTATIONS = YES;
				CLANG_WARN_DIRECT_OBJC_ISA_USAGE = YES_ERROR;
				CLANG_WARN_DOCUMENTATION_COMMENTS = YES;
				CLANG_WARN_EMPTY_BODY = YES;
				CLANG_WARN_ENUM_CONVERSION = YES;
				CLANG_WARN_INFINITE_RECURSION = YES;
				CLANG_WARN_INT_CONVERSION = YES;
				CLANG_WARN_NON_LITERAL_NULL_CONVERSION = YES;
				CLANG_WARN_OBJC_IMPLICIT_RETAIN_SELF = YES;
				CLANG_WARN_OBJC_LITERAL_CONVERSION = YES;
				CLANG_WARN_OBJC_ROOT_CLASS = YES_ERROR;
				CLANG_WARN_QUOTED_INCLUDE_IN_FRAMEWORK_HEADER = YES;
				CLANG_WARN_RANGE_LOOP_ANALYSIS = YES;
				CLANG_WARN_STRICT_PROTOTYPES = YES;
				CLANG_WARN_SUSPICIOUS_MOVE = YES;
				CLANG_WARN_UNGUARDED_AVAILABILITY = YES_AGGRESSIVE;
				CLANG_WARN_UNREACHABLE_CODE = YES;
				CLANG_WARN__DUPLICATE_METHOD_MATCH = YES;
				COPY_PHASE_STRIP = NO;
				DEBUG_INFORMATION_FORMAT = dwarf;
				ENABLE_STRICT_OBJC_MSGSEND = YES;
				ENABLE_TESTABILITY = YES;
				GCC_C_LANGUAGE_STANDARD = gnu11;
				GCC_DYNAMIC_NO_PIC = NO;
				GCC_NO_COMMON_BLOCKS = YES;
				GCC_OPTIMIZATION_LEVEL = 0;
				GCC_PREPROCESSOR_DEFINITIONS = (
					"DEBUG=1",
					"$(inherited)",
				);
				GCC_WARN_64_TO_32_BIT_CONVERSION = YES;
				GCC_WARN_ABOUT_RETURN_TYPE = YES_ERROR;
				GCC_WARN_UNDECLARED_SELECTOR = YES;
				GCC_WARN_UNINITIALIZED_AUTOS = YES_AGGRESSIVE;
				GCC_WARN_UNUSED_FUNCTION = YES;
				GCC_WARN_UNUSED_VARIABLE = YES;
				IPHONEOS_DEPLOYMENT_TARGET = 16.1;
				MTL_ENABLE_DEBUG_INFO = INCLUDE_SOURCE;
				MTL_FAST_MATH = YES;
				ONLY_ACTIVE_ARCH = YES;
				SDKROOT = iphoneos;
				SWIFT_ACTIVE_COMPILATION_CONDITIONS = DEBUG;
				SWIFT_OPTIMIZATION_LEVEL = "-Onone";
			};
			name = Debug;
		};
		0E5FB8892949F1F1009B1878 /* Release */ = {
			isa = XCBuildConfiguration;
			buildSettings = {
				ALWAYS_SEARCH_USER_PATHS = NO;
				CLANG_ANALYZER_NONNULL = YES;
				CLANG_ANALYZER_NUMBER_OBJECT_CONVERSION = YES_AGGRESSIVE;
				CLANG_CXX_LANGUAGE_STANDARD = "gnu++20";
				CLANG_ENABLE_MODULES = YES;
				CLANG_ENABLE_OBJC_ARC = YES;
				CLANG_ENABLE_OBJC_WEAK = YES;
				CLANG_WARN_BLOCK_CAPTURE_AUTORELEASING = YES;
				CLANG_WARN_BOOL_CONVERSION = YES;
				CLANG_WARN_COMMA = YES;
				CLANG_WARN_CONSTANT_CONVERSION = YES;
				CLANG_WARN_DEPRECATED_OBJC_IMPLEMENTATIONS = YES;
				CLANG_WARN_DIRECT_OBJC_ISA_USAGE = YES_ERROR;
				CLANG_WARN_DOCUMENTATION_COMMENTS = YES;
				CLANG_WARN_EMPTY_BODY = YES;
				CLANG_WARN_ENUM_CONVERSION = YES;
				CLANG_WARN_INFINITE_RECURSION = YES;
				CLANG_WARN_INT_CONVERSION = YES;
				CLANG_WARN_NON_LITERAL_NULL_CONVERSION = YES;
				CLANG_WARN_OBJC_IMPLICIT_RETAIN_SELF = YES;
				CLANG_WARN_OBJC_LITERAL_CONVERSION = YES;
				CLANG_WARN_OBJC_ROOT_CLASS = YES_ERROR;
				CLANG_WARN_QUOTED_INCLUDE_IN_FRAMEWORK_HEADER = YES;
				CLANG_WARN_RANGE_LOOP_ANALYSIS = YES;
				CLANG_WARN_STRICT_PROTOTYPES = YES;
				CLANG_WARN_SUSPICIOUS_MOVE = YES;
				CLANG_WARN_UNGUARDED_AVAILABILITY = YES_AGGRESSIVE;
				CLANG_WARN_UNREACHABLE_CODE = YES;
				CLANG_WARN__DUPLICATE_METHOD_MATCH = YES;
				COPY_PHASE_STRIP = NO;
				DEBUG_INFORMATION_FORMAT = "dwarf-with-dsym";
				ENABLE_NS_ASSERTIONS = NO;
				ENABLE_STRICT_OBJC_MSGSEND = YES;
				GCC_C_LANGUAGE_STANDARD = gnu11;
				GCC_NO_COMMON_BLOCKS = YES;
				GCC_WARN_64_TO_32_BIT_CONVERSION = YES;
				GCC_WARN_ABOUT_RETURN_TYPE = YES_ERROR;
				GCC_WARN_UNDECLARED_SELECTOR = YES;
				GCC_WARN_UNINITIALIZED_AUTOS = YES_AGGRESSIVE;
				GCC_WARN_UNUSED_FUNCTION = YES;
				GCC_WARN_UNUSED_VARIABLE = YES;
				IPHONEOS_DEPLOYMENT_TARGET = 16.1;
				MTL_ENABLE_DEBUG_INFO = NO;
				MTL_FAST_MATH = YES;
				SDKROOT = iphoneos;
				SWIFT_COMPILATION_MODE = wholemodule;
				SWIFT_OPTIMIZATION_LEVEL = "-O";
				VALIDATE_PRODUCT = YES;
			};
			name = Release;
		};
		0E5FB88B2949F1F1009B1878 /* Debug */ = {
			isa = XCBuildConfiguration;
			baseConfigurationReference = F2E916EFF0A80DABE1B21B6F /* Pods-UniversePro.debug.xcconfig */;
			buildSettings = {
				ASSETCATALOG_COMPILER_APPICON_NAME = AppIcon;
				ASSETCATALOG_COMPILER_GLOBAL_ACCENT_COLOR_NAME = AccentColor;
				CODE_SIGN_STYLE = Automatic;
				CURRENT_PROJECT_VERSION = 1;
				DEVELOPMENT_ASSET_PATHS = "\"UniversePro/Preview Content\"";
				DEVELOPMENT_TEAM = 86SKTK882J;
				ENABLE_PREVIEWS = YES;
				GENERATE_INFOPLIST_FILE = YES;
				INFOPLIST_KEY_UIApplicationSceneManifest_Generation = YES;
				INFOPLIST_KEY_UIApplicationSupportsIndirectInputEvents = YES;
				INFOPLIST_KEY_UILaunchScreen_Generation = YES;
				INFOPLIST_KEY_UILaunchStoryboardName = "Launch Screen.storyboard";
				INFOPLIST_KEY_UISupportedInterfaceOrientations = UIInterfaceOrientationPortrait;
				INFOPLIST_KEY_UISupportedInterfaceOrientations_iPad = "UIInterfaceOrientationLandscapeLeft UIInterfaceOrientationLandscapeRight UIInterfaceOrientationPortrait UIInterfaceOrientationPortraitUpsideDown";
				IPHONEOS_DEPLOYMENT_TARGET = 15.0;
				LD_RUNPATH_SEARCH_PATHS = (
					"$(inherited)",
					"@executable_path/Frameworks",
				);
				MARKETING_VERSION = 1.0;
				PRODUCT_BUNDLE_IDENTIFIER = sugry.UniversePro;
				PRODUCT_NAME = "$(TARGET_NAME)";
				SWIFT_EMIT_LOC_STRINGS = YES;
				SWIFT_VERSION = 5.0;
				TARGETED_DEVICE_FAMILY = "1,2";
			};
			name = Debug;
		};
		0E5FB88C2949F1F1009B1878 /* Release */ = {
			isa = XCBuildConfiguration;
			baseConfigurationReference = 8E92461259770F5FC6CAF881 /* Pods-UniversePro.release.xcconfig */;
			buildSettings = {
				ASSETCATALOG_COMPILER_APPICON_NAME = AppIcon;
				ASSETCATALOG_COMPILER_GLOBAL_ACCENT_COLOR_NAME = AccentColor;
				CODE_SIGN_STYLE = Automatic;
				CURRENT_PROJECT_VERSION = 1;
				DEVELOPMENT_ASSET_PATHS = "\"UniversePro/Preview Content\"";
				DEVELOPMENT_TEAM = 86SKTK882J;
				ENABLE_PREVIEWS = YES;
				GENERATE_INFOPLIST_FILE = YES;
				INFOPLIST_KEY_UIApplicationSceneManifest_Generation = YES;
				INFOPLIST_KEY_UIApplicationSupportsIndirectInputEvents = YES;
				INFOPLIST_KEY_UILaunchScreen_Generation = YES;
				INFOPLIST_KEY_UILaunchStoryboardName = "Launch Screen.storyboard";
				INFOPLIST_KEY_UISupportedInterfaceOrientations = UIInterfaceOrientationPortrait;
				INFOPLIST_KEY_UISupportedInterfaceOrientations_iPad = "UIInterfaceOrientationLandscapeLeft UIInterfaceOrientationLandscapeRight UIInterfaceOrientationPortrait UIInterfaceOrientationPortraitUpsideDown";
				IPHONEOS_DEPLOYMENT_TARGET = 15.0;
				LD_RUNPATH_SEARCH_PATHS = (
					"$(inherited)",
					"@executable_path/Frameworks",
				);
				MARKETING_VERSION = 1.0;
				PRODUCT_BUNDLE_IDENTIFIER = sugry.UniversePro;
				PRODUCT_NAME = "$(TARGET_NAME)";
				SWIFT_EMIT_LOC_STRINGS = YES;
				SWIFT_VERSION = 5.0;
				TARGETED_DEVICE_FAMILY = "1,2";
			};
			name = Release;
		};
/* End XCBuildConfiguration section */

/* Begin XCConfigurationList section */
		0E5FB8772949F1F0009B1878 /* Build configuration list for PBXProject "UniversePro" */ = {
			isa = XCConfigurationList;
			buildConfigurations = (
				0E5FB8882949F1F1009B1878 /* Debug */,
				0E5FB8892949F1F1009B1878 /* Release */,
			);
			defaultConfigurationIsVisible = 0;
			defaultConfigurationName = Release;
		};
		0E5FB88A2949F1F1009B1878 /* Build configuration list for PBXNativeTarget "UniversePro" */ = {
			isa = XCConfigurationList;
			buildConfigurations = (
				0E5FB88B2949F1F1009B1878 /* Debug */,
				0E5FB88C2949F1F1009B1878 /* Release */,
			);
			defaultConfigurationIsVisible = 0;
			defaultConfigurationName = Release;
		};
/* End XCConfigurationList section */
	};
	rootObject = 0E5FB8742949F1F0009B1878 /* Project object */;
}
